// !$*UTF8*$!
{
	archiveVersion = 1;
	classes = {
	};
	objectVersion = 56;
	objects = {

/* Begin PBXBuildFile section */
		BA36F0192C786D3C00D89189 /* AppDelegate.swift in Sources */ = {isa = PBXBuildFile; fileRef = BA36F0182C786D3C00D89189 /* AppDelegate.swift */; };
		BA36F01B2C786D3C00D89189 /* SceneDelegate.swift in Sources */ = {isa = PBXBuildFile; fileRef = BA36F01A2C786D3C00D89189 /* SceneDelegate.swift */; };
		BA36F01D2C786D3C00D89189 /* ViewController.swift in Sources */ = {isa = PBXBuildFile; fileRef = BA36F01C2C786D3C00D89189 /* ViewController.swift */; };
		BA36F0202C786D3C00D89189 /* Main.storyboard in Resources */ = {isa = PBXBuildFile; fileRef = BA36F01E2C786D3C00D89189 /* Main.storyboard */; };
		BA36F0222C786D3D00D89189 /* Assets.xcassets in Resources */ = {isa = PBXBuildFile; fileRef = BA36F0212C786D3D00D89189 /* Assets.xcassets */; };
		BA36F0252C786D3D00D89189 /* LaunchScreen.storyboard in Resources */ = {isa = PBXBuildFile; fileRef = BA36F0232C786D3D00D89189 /* LaunchScreen.storyboard */; };
		BA36F0322C78714800D89189 /* BannerCollectionViewCell.swift in Sources */ = {isa = PBXBuildFile; fileRef = BA36F0302C78714800D89189 /* BannerCollectionViewCell.swift */; };
		BA36F0332C78714800D89189 /* BannerCollectionViewCell.xib in Resources */ = {isa = PBXBuildFile; fileRef = BA36F0312C78714800D89189 /* BannerCollectionViewCell.xib */; };
		BA36F0352C7872C700D89189 /* ViewModel.swift in Sources */ = {isa = PBXBuildFile; fileRef = BA36F0342C7872C700D89189 /* ViewModel.swift */; };
/* End PBXBuildFile section */

/* Begin PBXFileReference section */
		BA36F0152C786D3C00D89189 /* AutuScrollingBanner.app */ = {isa = PBXFileReference; explicitFileType = wrapper.application; includeInIndex = 0; path = AutuScrollingBanner.app; sourceTree = BUILT_PRODUCTS_DIR; };
		BA36F0182C786D3C00D89189 /* AppDelegate.swift */ = {isa = PBXFileReference; lastKnownFileType = sourcecode.swift; path = AppDelegate.swift; sourceTree = "<group>"; };
		BA36F01A2C786D3C00D89189 /* SceneDelegate.swift */ = {isa = PBXFileReference; lastKnownFileType = sourcecode.swift; path = SceneDelegate.swift; sourceTree = "<group>"; };
		BA36F01C2C786D3C00D89189 /* ViewController.swift */ = {isa = PBXFileReference; lastKnownFileType = sourcecode.swift; path = ViewController.swift; sourceTree = "<group>"; };
		BA36F01F2C786D3C00D89189 /* Base */ = {isa = PBXFileReference; lastKnownFileType = file.storyboard; name = Base; path = Base.lproj/Main.storyboard; sourceTree = "<group>"; };
		BA36F0212C786D3D00D89189 /* Assets.xcassets */ = {isa = PBXFileReference; lastKnownFileType = folder.assetcatalog; path = Assets.xcassets; sourceTree = "<group>"; };
		BA36F0242C786D3D00D89189 /* Base */ = {isa = PBXFileReference; lastKnownFileType = file.storyboard; name = Base; path = Base.lproj/LaunchScreen.storyboard; sourceTree = "<group>"; };
		BA36F0262C786D3D00D89189 /* Info.plist */ = {isa = PBXFileReference; lastKnownFileType = text.plist.xml; path = Info.plist; sourceTree = "<group>"; };
		BA36F0302C78714800D89189 /* BannerCollectionViewCell.swift */ = {isa = PBXFileReference; lastKnownFileType = sourcecode.swift; path = BannerCollectionViewCell.swift; sourceTree = "<group>"; };
		BA36F0312C78714800D89189 /* BannerCollectionViewCell.xib */ = {isa = PBXFileReference; lastKnownFileType = file.xib; path = BannerCollectionViewCell.xib; sourceTree = "<group>"; };
		BA36F0342C7872C700D89189 /* ViewModel.swift */ = {isa = PBXFileReference; lastKnownFileType = sourcecode.swift; path = ViewModel.swift; sourceTree = "<group>"; };
/* End PBXFileReference section */

/* Begin PBXFrameworksBuildPhase section */
		BA36F0122C786D3C00D89189 /* Frameworks */ = {
			isa = PBXFrameworksBuildPhase;
			buildActionMask = 2147483647;
			files = (
			);
			runOnlyForDeploymentPostprocessing = 0;
		};
/* End PBXFrameworksBuildPhase section */

/* Begin PBXGroup section */
		BA36F00C2C786D3C00D89189 = {
			isa = PBXGroup;
			children = (
				BA36F0172C786D3C00D89189 /* AutuScrollingBanner */,
				BA36F0162C786D3C00D89189 /* Products */,
			);
			sourceTree = "<group>";
		};
		BA36F0162C786D3C00D89189 /* Products */ = {
			isa = PBXGroup;
			children = (
				BA36F0152C786D3C00D89189 /* AutuScrollingBanner.app */,
			);
			name = Products;
			sourceTree = "<group>";
		};
		BA36F0172C786D3C00D89189 /* AutuScrollingBanner */ = {
			isa = PBXGroup;
			children = (
				BA36F0262C786D3D00D89189 /* Info.plist */,
				BA36F02F2C786D5D00D89189 /* Resources */,
				BA36F02E2C786D5100D89189 /* ViewModel */,
				BA36F02D2C786D4A00D89189 /* View */,
				BA36F02C2C786D4500D89189 /* Application */,
			);
			path = AutuScrollingBanner;
			sourceTree = "<group>";
		};
		BA36F02C2C786D4500D89189 /* Application */ = {
			isa = PBXGroup;
			children = (
				BA36F0182C786D3C00D89189 /* AppDelegate.swift */,
				BA36F01A2C786D3C00D89189 /* SceneDelegate.swift */,
			);
			path = Application;
			sourceTree = "<group>";
		};
		BA36F02D2C786D4A00D89189 /* View */ = {
			isa = PBXGroup;
			children = (
				BA36F01C2C786D3C00D89189 /* ViewController.swift */,
				BA36F01E2C786D3C00D89189 /* Main.storyboard */,
				BA36F0232C786D3D00D89189 /* LaunchScreen.storyboard */,
				BA36F0302C78714800D89189 /* BannerCollectionViewCell.swift */,
				BA36F0312C78714800D89189 /* BannerCollectionViewCell.xib */,
			);
			path = View;
			sourceTree = "<group>";
		};
		BA36F02E2C786D5100D89189 /* ViewModel */ = {
			isa = PBXGroup;
			children = (
				BA36F0342C7872C700D89189 /* ViewModel.swift */,
			);
			path = ViewModel;
			sourceTree = "<group>";
		};
		BA36F02F2C786D5D00D89189 /* Resources */ = {
			isa = PBXGroup;
			children = (
				BA36F0212C786D3D00D89189 /* Assets.xcassets */,
			);
			path = Resources;
			sourceTree = "<group>";
		};
/* End PBXGroup section */

/* Begin PBXNativeTarget section */
		BA36F0142C786D3C00D89189 /* AutuScrollingBanner */ = {
			isa = PBXNativeTarget;
			buildConfigurationList = BA36F0292C786D3D00D89189 /* Build configuration list for PBXNativeTarget "AutuScrollingBanner" */;
			buildPhases = (
				BA36F0112C786D3C00D89189 /* Sources */,
				BA36F0122C786D3C00D89189 /* Frameworks */,
				BA36F0132C786D3C00D89189 /* Resources */,
			);
			buildRules = (
			);
			dependencies = (
			);
			name = AutuScrollingBanner;
			productName = AutuScrollingBanner;
			productReference = BA36F0152C786D3C00D89189 /* AutuScrollingBanner.app */;
			productType = "com.apple.product-type.application";
		};
/* End PBXNativeTarget section */

/* Begin PBXProject section */
		BA36F00D2C786D3C00D89189 /* Project object */ = {
			isa = PBXProject;
			attributes = {
				BuildIndependentTargetsInParallel = 1;
				LastSwiftUpdateCheck = 1520;
				LastUpgradeCheck = 1520;
				TargetAttributes = {
					BA36F0142C786D3C00D89189 = {
						CreatedOnToolsVersion = 15.2;
					};
				};
			};
			buildConfigurationList = BA36F0102C786D3C00D89189 /* Build configuration list for PBXProject "AutuScrollingBanner" */;
			compatibilityVersion = "Xcode 14.0";
			developmentRegion = en;
			hasScannedForEncodings = 0;
			knownRegions = (
				en,
				Base,
			);
			mainGroup = BA36F00C2C786D3C00D89189;
			productRefGroup = BA36F0162C786D3C00D89189 /* Products */;
			projectDirPath = "";
			projectRoot = "";
			targets = (
				BA36F0142C786D3C00D89189 /* AutuScrollingBanner */,
			);
		};
/* End PBXProject section */

/* Begin PBXResourcesBuildPhase section */
		BA36F0132C786D3C00D89189 /* Resources */ = {
			isa = PBXResourcesBuildPhase;
			buildActionMask = 2147483647;
			files = (
				BA36F0252C786D3D00D89189 /* LaunchScreen.storyboard in Resources */,
				BA36F0222C786D3D00D89189 /* Assets.xcassets in Resources */,
				BA36F0332C78714800D89189 /* BannerCollectionViewCell.xib in Resources */,
				BA36F0202C786D3C00D89189 /* Main.storyboard in Resources */,
			);
			runOnlyForDeploymentPostprocessing = 0;
		};
/* End PBXResourcesBuildPhase section */

/* Begin PBXSourcesBuildPhase section */
		BA36F0112C786D3C00D89189 /* Sources */ = {
			isa = PBXSourcesBuildPhase;
			buildActionMask = 2147483647;
			files = (
				BA36F0352C7872C700D89189 /* ViewModel.swift in Sources */,
				BA36F01D2C786D3C00D89189 /* ViewController.swift in Sources */,
				BA36F0192C786D3C00D89189 /* AppDelegate.swift in Sources */,
				BA36F0322C78714800D89189 /* BannerCollectionViewCell.swift in Sources */,
				BA36F01B2C786D3C00D89189 /* SceneDelegate.swift in Sources */,
			);
			runOnlyForDeploymentPostprocessing = 0;
		};
/* End PBXSourcesBuildPhase section */

/* Begin PBXVariantGroup section */
		BA36F01E2C786D3C00D89189 /* Main.storyboard */ = {
			isa = PBXVariantGroup;
			children = (
				BA36F01F2C786D3C00D89189 /* Base */,
			);
			name = Main.storyboard;
			sourceTree = "<group>";
		};
		BA36F0232C786D3D00D89189 /* LaunchScreen.storyboard */ = {
			isa = PBXVariantGroup;
			children = (
				BA36F0242C786D3D00D89189 /* Base */,
			);
			name = LaunchScreen.storyboard;
			sourceTree = "<group>";
		};
/* End PBXVariantGroup section */

/* Begin XCBuildConfiguration section */
		BA36F0272C786D3D00D89189 /* Debug */ = {
			isa = XCBuildConfiguration;
			buildSettings = {
				ALWAYS_SEARCH_USER_PATHS = NO;
				ASSETCATALOG_COMPILER_GENERATE_SWIFT_ASSET_SYMBOL_EXTENSIONS = YES;
				CLANG_ANALYZER_NONNULL = YES;
				CLANG_ANALYZER_NUMBER_OBJECT_CONVERSION = YES_AGGRESSIVE;
				CLANG_CXX_LANGUAGE_STANDARD = "gnu++20";
				CLANG_ENABLE_MODULES = YES;
				CLANG_ENABLE_OBJC_ARC = YES;
				CLANG_ENABLE_OBJC_WEAK = YES;
				CLANG_WARN_BLOCK_CAPTURE_AUTORELEASING = YES;
				CLANG_WARN_BOOL_CONVERSION = YES;
				CLANG_WARN_COMMA = YES;
				CLANG_WARN_CONSTANT_CONVERSION = YES;
				CLANG_WARN_DEPRECATED_OBJC_IMPLEMENTATIONS = YES;
				CLANG_WARN_DIRECT_OBJC_ISA_USAGE = YES_ERROR;
				CLANG_WARN_DOCUMENTATION_COMMENTS = YES;
				CLANG_WARN_EMPTY_BODY = YES;
				CLANG_WARN_ENUM_CONVERSION = YES;
				CLANG_WARN_INFINITE_RECURSION = YES;
				CLANG_WARN_INT_CONVERSION = YES;
				CLANG_WARN_NON_LITERAL_NULL_CONVERSION = YES;
				CLANG_WARN_OBJC_IMPLICIT_RETAIN_SELF = YES;
				CLANG_WARN_OBJC_LITERAL_CONVERSION = YES;
				CLANG_WARN_OBJC_ROOT_CLASS = YES_ERROR;
				CLANG_WARN_QUOTED_INCLUDE_IN_FRAMEWORK_HEADER = YES;
				CLANG_WARN_RANGE_LOOP_ANALYSIS = YES;
				CLANG_WARN_STRICT_PROTOTYPES = YES;
				CLANG_WARN_SUSPICIOUS_MOVE = YES;
				CLANG_WARN_UNGUARDED_AVAILABILITY = YES_AGGRESSIVE;
				CLANG_WARN_UNREACHABLE_CODE = YES;
				CLANG_WARN__DUPLICATE_METHOD_MATCH = YES;
				COPY_PHASE_STRIP = NO;
				DEBUG_INFORMATION_FORMAT = dwarf;
				ENABLE_STRICT_OBJC_MSGSEND = YES;
				ENABLE_TESTABILITY = YES;
				ENABLE_USER_SCRIPT_SANDBOXING = YES;
				GCC_C_LANGUAGE_STANDARD = gnu17;
				GCC_DYNAMIC_NO_PIC = NO;
				GCC_NO_COMMON_BLOCKS = YES;
				GCC_OPTIMIZATION_LEVEL = 0;
				GCC_PREPROCESSOR_DEFINITIONS = (
					"DEBUG=1",
					"$(inherited)",
				);
				GCC_WARN_64_TO_32_BIT_CONVERSION = YES;
				GCC_WARN_ABOUT_RETURN_TYPE = YES_ERROR;
				GCC_WARN_UNDECLARED_SELECTOR = YES;
				GCC_WARN_UNINITIALIZED_AUTOS = YES_AGGRESSIVE;
				GCC_WARN_UNUSED_FUNCTION = YES;
				GCC_WARN_UNUSED_VARIABLE = YES;
				IPHONEOS_DEPLOYMENT_TARGET = 17.2;
				LOCALIZATION_PREFERS_STRING_CATALOGS = YES;
				MTL_ENABLE_DEBUG_INFO = INCLUDE_SOURCE;
				MTL_FAST_MATH = YES;
				ONLY_ACTIVE_ARCH = YES;
				SDKROOT = iphoneos;
				SWIFT_ACTIVE_COMPILATION_CONDITIONS = "DEBUG $(inherited)";
				SWIFT_OPTIMIZATION_LEVEL = "-Onone";
			};
			name = Debug;
		};
		BA36F0282C786D3D00D89189 /* Release */ = {
			isa = XCBuildConfiguration;
			buildSettings = {
				ALWAYS_SEARCH_USER_PATHS = NO;
				ASSETCATALOG_COMPILER_GENERATE_SWIFT_ASSET_SYMBOL_EXTENSIONS = YES;
				CLANG_ANALYZER_NONNULL = YES;
				CLANG_ANALYZER_NUMBER_OBJECT_CONVERSION = YES_AGGRESSIVE;
				CLANG_CXX_LANGUAGE_STANDARD = "gnu++20";
				CLANG_ENABLE_MODULES = YES;
				CLANG_ENABLE_OBJC_ARC = YES;
				CLANG_ENABLE_OBJC_WEAK = YES;
				CLANG_WARN_BLOCK_CAPTURE_AUTORELEASING = YES;
				CLANG_WARN_BOOL_CONVERSION = YES;
				CLANG_WARN_COMMA = YES;
				CLANG_WARN_CONSTANT_CONVERSION = YES;
				CLANG_WARN_DEPRECATED_OBJC_IMPLEMENTATIONS = YES;
				CLANG_WARN_DIRECT_OBJC_ISA_USAGE = YES_ERROR;
				CLANG_WARN_DOCUMENTATION_COMMENTS = YES;
				CLANG_WARN_EMPTY_BODY = YES;
				CLANG_WARN_ENUM_CONVERSION = YES;
				CLANG_WARN_INFINITE_RECURSION = YES;
				CLANG_WARN_INT_CONVERSION = YES;
				CLANG_WARN_NON_LITERAL_NULL_CONVERSION = YES;
				CLANG_WARN_OBJC_IMPLICIT_RETAIN_SELF = YES;
				CLANG_WARN_OBJC_LITERAL_CONVERSION = YES;
				CLANG_WARN_OBJC_ROOT_CLASS = YES_ERROR;
				CLANG_WARN_QUOTED_INCLUDE_IN_FRAMEWORK_HEADER = YES;
				CLANG_WARN_RANGE_LOOP_ANALYSIS = YES;
				CLANG_WARN_STRICT_PROTOTYPES = YES;
				CLANG_WARN_SUSPICIOUS_MOVE = YES;
				CLANG_WARN_UNGUARDED_AVAILABILITY = YES_AGGRESSIVE;
				CLANG_WARN_UNREACHABLE_CODE = YES;
				CLANG_WARN__DUPLICATE_METHOD_MATCH = YES;
				COPY_PHASE_STRIP = NO;
				DEBUG_INFORMATION_FORMAT = "dwarf-with-dsym";
				ENABLE_NS_ASSERTIONS = NO;
				ENABLE_STRICT_OBJC_MSGSEND = YES;
				ENABLE_USER_SCRIPT_SANDBOXING = YES;
				GCC_C_LANGUAGE_STANDARD = gnu17;
				GCC_NO_COMMON_BLOCKS = YES;
				GCC_WARN_64_TO_32_BIT_CONVERSION = YES;
				GCC_WARN_ABOUT_RETURN_TYPE = YES_ERROR;
				GCC_WARN_UNDECLARED_SELECTOR = YES;
				GCC_WARN_UNINITIALIZED_AUTOS = YES_AGGRESSIVE;
				GCC_WARN_UNUSED_FUNCTION = YES;
				GCC_WARN_UNUSED_VARIABLE = YES;
				IPHONEOS_DEPLOYMENT_TARGET = 17.2;
				LOCALIZATION_PREFERS_STRING_CATALOGS = YES;
				MTL_ENABLE_DEBUG_INFO = NO;
				MTL_FAST_MATH = YES;
				SDKROOT = iphoneos;
				SWIFT_COMPILATION_MODE = wholemodule;
				VALIDATE_PRODUCT = YES;
			};
			name = Release;
		};
		BA36F02A2C786D3D00D89189 /* Debug */ = {
			isa = XCBuildConfiguration;
			buildSettings = {
				ASSETCATALOG_COMPILER_APPICON_NAME = AppIcon;
				ASSETCATALOG_COMPILER_GLOBAL_ACCENT_COLOR_NAME = AccentColor;
				CODE_SIGN_STYLE = Automatic;
				CURRENT_PROJECT_VERSION = 1;
				DEVELOPMENT_TEAM = ARSZYU7AJ8;
				GENERATE_INFOPLIST_FILE = YES;
				INFOPLIST_FILE = AutuScrollingBanner/Info.plist;
				INFOPLIST_KEY_UIApplicationSupportsIndirectInputEvents = YES;
				INFOPLIST_KEY_UILaunchStoryboardName = LaunchScreen;
				INFOPLIST_KEY_UIMainStoryboardFile = Main;
				INFOPLIST_KEY_UISupportedInterfaceOrientations_iPad = "UIInterfaceOrientationPortrait UIInterfaceOrientationPortraitUpsideDown UIInterfaceOrientationLandscapeLeft UIInterfaceOrientationLandscapeRight";
				INFOPLIST_KEY_UISupportedInterfaceOrientations_iPhone = "UIInterfaceOrientationPortrait UIInterfaceOrientationLandscapeLeft UIInterfaceOrientationLandscapeRight";
				LD_RUNPATH_SEARCH_PATHS = (
					"$(inherited)",
					"@executable_path/Frameworks",
				);
				MARKETING_VERSION = 1.0;
				PRODUCT_BUNDLE_IDENTIFIER = com.peppermint100.AutuScrollingBanner;
				PRODUCT_NAME = "$(TARGET_NAME)";
				SWIFT_EMIT_LOC_STRINGS = YES;
				SWIFT_VERSION = 5.0;
				TARGETED_DEVICE_FAMILY = "1,2";
			};
			name = Debug;
		};
		BA36F02B2C786D3D00D89189 /* Release */ = {
			isa = XCBuildConfiguration;
			buildSettings = {
				ASSETCATALOG_COMPILER_APPICON_NAME = AppIcon;
				ASSETCATALOG_COMPILER_GLOBAL_ACCENT_COLOR_NAME = AccentColor;
				CODE_SIGN_STYLE = Automatic;
				CURRENT_PROJECT_VERSION = 1;
				DEVELOPMENT_TEAM = ARSZYU7AJ8;
				GENERATE_INFOPLIST_FILE = YES;
				INFOPLIST_FILE = AutuScrollingBanner/Info.plist;
				INFOPLIST_KEY_UIApplicationSupportsIndirectInputEvents = YES;
				INFOPLIST_KEY_UILaunchStoryboardName = LaunchScreen;
				INFOPLIST_KEY_UIMainStoryboardFile = Main;
				INFOPLIST_KEY_UISupportedInterfaceOrientations_iPad = "UIInterfaceOrientationPortrait UIInterfaceOrientationPortraitUpsideDown UIInterfaceOrientationLandscapeLeft UIInterfaceOrientationLandscapeRight";
				INFOPLIST_KEY_UISupportedInterfaceOrientations_iPhone = "UIInterfaceOrientationPortrait UIInterfaceOrientationLandscapeLeft UIInterfaceOrientationLandscapeRight";
				LD_RUNPATH_SEARCH_PATHS = (
					"$(inherited)",
					"@executable_path/Frameworks",
				);
				MARKETING_VERSION = 1.0;
				PRODUCT_BUNDLE_IDENTIFIER = com.peppermint100.AutuScrollingBanner;
				PRODUCT_NAME = "$(TARGET_NAME)";
				SWIFT_EMIT_LOC_STRINGS = YES;
				SWIFT_VERSION = 5.0;
				TARGETED_DEVICE_FAMILY = "1,2";
			};
			name = Release;
		};
/* End XCBuildConfiguration section */

/* Begin XCConfigurationList section */
		BA36F0102C786D3C00D89189 /* Build configuration list for PBXProject "AutuScrollingBanner" */ = {
			isa = XCConfigurationList;
			buildConfigurations = (
				BA36F0272C786D3D00D89189 /* Debug */,
				BA36F0282C786D3D00D89189 /* Release */,
			);
			defaultConfigurationIsVisible = 0;
			defaultConfigurationName = Release;
		};
		BA36F0292C786D3D00D89189 /* Build configuration list for PBXNativeTarget "AutuScrollingBanner" */ = {
			isa = XCConfigurationList;
			buildConfigurations = (
				BA36F02A2C786D3D00D89189 /* Debug */,
				BA36F02B2C786D3D00D89189 /* Release */,
			);
			defaultConfigurationIsVisible = 0;
			defaultConfigurationName = Release;
		};
/* End XCConfigurationList section */
	};
	rootObject = BA36F00D2C786D3C00D89189 /* Project object */;
}
