// !$*UTF8*$!
{
	archiveVersion = 1;
	classes = {
	};
	objectVersion = 56;
	objects = {

/* Begin PBXBuildFile section */
		BA4AEC092A6FF7CA00484AB4 /* SettingsModels.swift in Sources */ = {isa = PBXBuildFile; fileRef = BA4AEC082A6FF7CA00484AB4 /* SettingsModels.swift */; };
		BA518BCE2A77EA890049A7EA /* AlbumDetailsResponse.swift in Sources */ = {isa = PBXBuildFile; fileRef = BA518BCD2A77EA890049A7EA /* AlbumDetailsResponse.swift */; };
		BA518BD02A77EE380049A7EA /* PlaylistDetailsResponse.swift in Sources */ = {isa = PBXBuildFile; fileRef = BA518BCF2A77EE380049A7EA /* PlaylistDetailsResponse.swift */; };
		BA5D2B6B2A6955FF0032D5B8 /* TabBarViewController.swift in Sources */ = {isa = PBXBuildFile; fileRef = BA5D2B6A2A6955FF0032D5B8 /* TabBarViewController.swift */; };
		BA5D2B6D2A6956E30032D5B8 /* SearchViewController.swift in Sources */ = {isa = PBXBuildFile; fileRef = BA5D2B6C2A6956E30032D5B8 /* SearchViewController.swift */; };
		BA5D2B6F2A6956F00032D5B8 /* LibraryViewController.swift in Sources */ = {isa = PBXBuildFile; fileRef = BA5D2B6E2A6956F00032D5B8 /* LibraryViewController.swift */; };
		BA5D2B732A6957420032D5B8 /* AuthViewController.swift in Sources */ = {isa = PBXBuildFile; fileRef = BA5D2B722A6957420032D5B8 /* AuthViewController.swift */; };
		BA5D2B752A6957580032D5B8 /* WelcomeViewController.swift in Sources */ = {isa = PBXBuildFile; fileRef = BA5D2B742A6957580032D5B8 /* WelcomeViewController.swift */; };
		BA5D2B772A6957620032D5B8 /* SettingsViewController.swift in Sources */ = {isa = PBXBuildFile; fileRef = BA5D2B762A6957620032D5B8 /* SettingsViewController.swift */; };
		BA5D2B792A69576F0032D5B8 /* ProfileViewController.swift in Sources */ = {isa = PBXBuildFile; fileRef = BA5D2B782A69576F0032D5B8 /* ProfileViewController.swift */; };
		BA5D2B7B2A69577E0032D5B8 /* PlayerViewController.swift in Sources */ = {isa = PBXBuildFile; fileRef = BA5D2B7A2A69577E0032D5B8 /* PlayerViewController.swift */; };
		BA5D2B7D2A69578C0032D5B8 /* PlaylistViewController.swift in Sources */ = {isa = PBXBuildFile; fileRef = BA5D2B7C2A69578C0032D5B8 /* PlaylistViewController.swift */; };
		BA5D2B7F2A69579A0032D5B8 /* SearchResultViewController.swift in Sources */ = {isa = PBXBuildFile; fileRef = BA5D2B7E2A69579A0032D5B8 /* SearchResultViewController.swift */; };
		BA5D2B822A6957D00032D5B8 /* AuthManager.swift in Sources */ = {isa = PBXBuildFile; fileRef = BA5D2B812A6957D00032D5B8 /* AuthManager.swift */; };
		BA5D2B842A6957DB0032D5B8 /* APICaller.swift in Sources */ = {isa = PBXBuildFile; fileRef = BA5D2B832A6957DB0032D5B8 /* APICaller.swift */; };
		BA5D2B862A6957EA0032D5B8 /* HapticsManager.swift in Sources */ = {isa = PBXBuildFile; fileRef = BA5D2B852A6957EA0032D5B8 /* HapticsManager.swift */; };
		BA5D2B882A6958080032D5B8 /* Playlist.swift in Sources */ = {isa = PBXBuildFile; fileRef = BA5D2B872A6958080032D5B8 /* Playlist.swift */; };
		BA5D2B8A2A6958130032D5B8 /* AudioTrack.swift in Sources */ = {isa = PBXBuildFile; fileRef = BA5D2B892A6958130032D5B8 /* AudioTrack.swift */; };
		BA5D2B8C2A6958220032D5B8 /* Artist.swift in Sources */ = {isa = PBXBuildFile; fileRef = BA5D2B8B2A6958220032D5B8 /* Artist.swift */; };
		BA5D2B8E2A6958310032D5B8 /* UserProfile.swift in Sources */ = {isa = PBXBuildFile; fileRef = BA5D2B8D2A6958310032D5B8 /* UserProfile.swift */; };
		BA7AA55B2A6401A400BD3D3C /* AppDelegate.swift in Sources */ = {isa = PBXBuildFile; fileRef = BA7AA55A2A6401A400BD3D3C /* AppDelegate.swift */; };
		BA7AA55D2A6401A400BD3D3C /* SceneDelegate.swift in Sources */ = {isa = PBXBuildFile; fileRef = BA7AA55C2A6401A400BD3D3C /* SceneDelegate.swift */; };
		BA7AA55F2A6401A400BD3D3C /* HomeViewController.swift in Sources */ = {isa = PBXBuildFile; fileRef = BA7AA55E2A6401A400BD3D3C /* HomeViewController.swift */; };
		BA7AA5642A6401A500BD3D3C /* Assets.xcassets in Resources */ = {isa = PBXBuildFile; fileRef = BA7AA5632A6401A500BD3D3C /* Assets.xcassets */; };
		BA7AA5672A6401A500BD3D3C /* LaunchScreen.storyboard in Resources */ = {isa = PBXBuildFile; fileRef = BA7AA5652A6401A500BD3D3C /* LaunchScreen.storyboard */; };
		BA7AA5742A641D6400BD3D3C /* Extensions.swift in Sources */ = {isa = PBXBuildFile; fileRef = BA7AA5732A641D6400BD3D3C /* Extensions.swift */; };
		BAEED0D32A74EF930071116B /* NewReleasesResponse.swift in Sources */ = {isa = PBXBuildFile; fileRef = BAEED0D22A74EF930071116B /* NewReleasesResponse.swift */; };
		BAEED0D52A74F0780071116B /* APIImage.swift in Sources */ = {isa = PBXBuildFile; fileRef = BAEED0D42A74F0780071116B /* APIImage.swift */; };
		BAEED0D72A74F6820071116B /* FeaturedPlaylistsResponse.swift in Sources */ = {isa = PBXBuildFile; fileRef = BAEED0D62A74F6820071116B /* FeaturedPlaylistsResponse.swift */; };
		BAEED0D92A750A7B0071116B /* RecommendedGenreResponse.swift in Sources */ = {isa = PBXBuildFile; fileRef = BAEED0D82A750A7B0071116B /* RecommendedGenreResponse.swift */; };
		BAEED0DB2A750EF90071116B /* RecommendationsResponse.swift in Sources */ = {isa = PBXBuildFile; fileRef = BAEED0DA2A750EF90071116B /* RecommendationsResponse.swift */; };
		BAFE9DC32A757C6F0061FDDE /* NewReleaseCollectionViewCell.swift in Sources */ = {isa = PBXBuildFile; fileRef = BAFE9DC22A757C6F0061FDDE /* NewReleaseCollectionViewCell.swift */; };
		BAFE9DC52A757C7E0061FDDE /* FeaturedPlaylistCollectionViewCell.swift in Sources */ = {isa = PBXBuildFile; fileRef = BAFE9DC42A757C7E0061FDDE /* FeaturedPlaylistCollectionViewCell.swift */; };
		BAFE9DC72A757C920061FDDE /* RecommendedTrackCollectionViewCell.swift in Sources */ = {isa = PBXBuildFile; fileRef = BAFE9DC62A757C920061FDDE /* RecommendedTrackCollectionViewCell.swift */; };
		BAFE9DC92A7632810061FDDE /* NewReleasesCellViewModel.swift in Sources */ = {isa = PBXBuildFile; fileRef = BAFE9DC82A7632810061FDDE /* NewReleasesCellViewModel.swift */; };
		BAFE9DCB2A77D1F40061FDDE /* FeaturedPlaylistCellViewModel.swift in Sources */ = {isa = PBXBuildFile; fileRef = BAFE9DCA2A77D1F40061FDDE /* FeaturedPlaylistCellViewModel.swift */; };
		BAFE9DCD2A77D2200061FDDE /* RecommendedTrackCellViewModel.swift in Sources */ = {isa = PBXBuildFile; fileRef = BAFE9DCC2A77D2200061FDDE /* RecommendedTrackCellViewModel.swift */; };
		BAFE9DCF2A77E7C10061FDDE /* AlbumViewController.swift in Sources */ = {isa = PBXBuildFile; fileRef = BAFE9DCE2A77E7C10061FDDE /* AlbumViewController.swift */; };
		E59E8E682A6A799700075938 /* AuthResponse.swift in Sources */ = {isa = PBXBuildFile; fileRef = E59E8E672A6A799700075938 /* AuthResponse.swift */; };
		F4A7AFFB8721EEE681B3C63D /* Pods_SpotifyClone.framework in Frameworks */ = {isa = PBXBuildFile; fileRef = A3828BF322F8D92ADF18E0FF /* Pods_SpotifyClone.framework */; };
/* End PBXBuildFile section */

/* Begin PBXFileReference section */
		7E0BF02C6F16EF6C18D831F4 /* Pods-SpotifyClone.debug.xcconfig */ = {isa = PBXFileReference; includeInIndex = 1; lastKnownFileType = text.xcconfig; name = "Pods-SpotifyClone.debug.xcconfig"; path = "Target Support Files/Pods-SpotifyClone/Pods-SpotifyClone.debug.xcconfig"; sourceTree = "<group>"; };
		A0A9C9D7ED3D262CEEE22542 /* Pods-SpotifyClone.release.xcconfig */ = {isa = PBXFileReference; includeInIndex = 1; lastKnownFileType = text.xcconfig; name = "Pods-SpotifyClone.release.xcconfig"; path = "Target Support Files/Pods-SpotifyClone/Pods-SpotifyClone.release.xcconfig"; sourceTree = "<group>"; };
		A3828BF322F8D92ADF18E0FF /* Pods_SpotifyClone.framework */ = {isa = PBXFileReference; explicitFileType = wrapper.framework; includeInIndex = 0; path = Pods_SpotifyClone.framework; sourceTree = BUILT_PRODUCTS_DIR; };
		BA4AEC082A6FF7CA00484AB4 /* SettingsModels.swift */ = {isa = PBXFileReference; lastKnownFileType = sourcecode.swift; path = SettingsModels.swift; sourceTree = "<group>"; };
		BA518BCD2A77EA890049A7EA /* AlbumDetailsResponse.swift */ = {isa = PBXFileReference; lastKnownFileType = sourcecode.swift; path = AlbumDetailsResponse.swift; sourceTree = "<group>"; };
		BA518BCF2A77EE380049A7EA /* PlaylistDetailsResponse.swift */ = {isa = PBXFileReference; lastKnownFileType = sourcecode.swift; path = PlaylistDetailsResponse.swift; sourceTree = "<group>"; };
		BA5D2B6A2A6955FF0032D5B8 /* TabBarViewController.swift */ = {isa = PBXFileReference; lastKnownFileType = sourcecode.swift; path = TabBarViewController.swift; sourceTree = "<group>"; };
		BA5D2B6C2A6956E30032D5B8 /* SearchViewController.swift */ = {isa = PBXFileReference; lastKnownFileType = sourcecode.swift; path = SearchViewController.swift; sourceTree = "<group>"; };
		BA5D2B6E2A6956F00032D5B8 /* LibraryViewController.swift */ = {isa = PBXFileReference; lastKnownFileType = sourcecode.swift; path = LibraryViewController.swift; sourceTree = "<group>"; };
		BA5D2B722A6957420032D5B8 /* AuthViewController.swift */ = {isa = PBXFileReference; lastKnownFileType = sourcecode.swift; path = AuthViewController.swift; sourceTree = "<group>"; };
		BA5D2B742A6957580032D5B8 /* WelcomeViewController.swift */ = {isa = PBXFileReference; lastKnownFileType = sourcecode.swift; path = WelcomeViewController.swift; sourceTree = "<group>"; };
		BA5D2B762A6957620032D5B8 /* SettingsViewController.swift */ = {isa = PBXFileReference; lastKnownFileType = sourcecode.swift; path = SettingsViewController.swift; sourceTree = "<group>"; };
		BA5D2B782A69576F0032D5B8 /* ProfileViewController.swift */ = {isa = PBXFileReference; lastKnownFileType = sourcecode.swift; path = ProfileViewController.swift; sourceTree = "<group>"; };
		BA5D2B7A2A69577E0032D5B8 /* PlayerViewController.swift */ = {isa = PBXFileReference; lastKnownFileType = sourcecode.swift; path = PlayerViewController.swift; sourceTree = "<group>"; };
		BA5D2B7C2A69578C0032D5B8 /* PlaylistViewController.swift */ = {isa = PBXFileReference; lastKnownFileType = sourcecode.swift; path = PlaylistViewController.swift; sourceTree = "<group>"; };
		BA5D2B7E2A69579A0032D5B8 /* SearchResultViewController.swift */ = {isa = PBXFileReference; lastKnownFileType = sourcecode.swift; path = SearchResultViewController.swift; sourceTree = "<group>"; };
		BA5D2B812A6957D00032D5B8 /* AuthManager.swift */ = {isa = PBXFileReference; lastKnownFileType = sourcecode.swift; path = AuthManager.swift; sourceTree = "<group>"; };
		BA5D2B832A6957DB0032D5B8 /* APICaller.swift */ = {isa = PBXFileReference; lastKnownFileType = sourcecode.swift; path = APICaller.swift; sourceTree = "<group>"; };
		BA5D2B852A6957EA0032D5B8 /* HapticsManager.swift */ = {isa = PBXFileReference; lastKnownFileType = sourcecode.swift; path = HapticsManager.swift; sourceTree = "<group>"; };
		BA5D2B872A6958080032D5B8 /* Playlist.swift */ = {isa = PBXFileReference; lastKnownFileType = sourcecode.swift; path = Playlist.swift; sourceTree = "<group>"; };
		BA5D2B892A6958130032D5B8 /* AudioTrack.swift */ = {isa = PBXFileReference; lastKnownFileType = sourcecode.swift; path = AudioTrack.swift; sourceTree = "<group>"; };
		BA5D2B8B2A6958220032D5B8 /* Artist.swift */ = {isa = PBXFileReference; lastKnownFileType = sourcecode.swift; path = Artist.swift; sourceTree = "<group>"; };
		BA5D2B8D2A6958310032D5B8 /* UserProfile.swift */ = {isa = PBXFileReference; lastKnownFileType = sourcecode.swift; path = UserProfile.swift; sourceTree = "<group>"; };
		BA7AA5572A6401A400BD3D3C /* SpotifyClone.app */ = {isa = PBXFileReference; explicitFileType = wrapper.application; includeInIndex = 0; path = SpotifyClone.app; sourceTree = BUILT_PRODUCTS_DIR; };
		BA7AA55A2A6401A400BD3D3C /* AppDelegate.swift */ = {isa = PBXFileReference; lastKnownFileType = sourcecode.swift; path = AppDelegate.swift; sourceTree = "<group>"; };
		BA7AA55C2A6401A400BD3D3C /* SceneDelegate.swift */ = {isa = PBXFileReference; lastKnownFileType = sourcecode.swift; path = SceneDelegate.swift; sourceTree = "<group>"; };
		BA7AA55E2A6401A400BD3D3C /* HomeViewController.swift */ = {isa = PBXFileReference; lastKnownFileType = sourcecode.swift; path = HomeViewController.swift; sourceTree = "<group>"; };
		BA7AA5632A6401A500BD3D3C /* Assets.xcassets */ = {isa = PBXFileReference; lastKnownFileType = folder.assetcatalog; path = Assets.xcassets; sourceTree = "<group>"; };
		BA7AA5662A6401A500BD3D3C /* Base */ = {isa = PBXFileReference; lastKnownFileType = file.storyboard; name = Base; path = Base.lproj/LaunchScreen.storyboard; sourceTree = "<group>"; };
		BA7AA5682A6401A500BD3D3C /* Info.plist */ = {isa = PBXFileReference; lastKnownFileType = text.plist.xml; path = Info.plist; sourceTree = "<group>"; };
		BA7AA5732A641D6400BD3D3C /* Extensions.swift */ = {isa = PBXFileReference; lastKnownFileType = sourcecode.swift; path = Extensions.swift; sourceTree = "<group>"; };
		BAEED0D22A74EF930071116B /* NewReleasesResponse.swift */ = {isa = PBXFileReference; lastKnownFileType = sourcecode.swift; path = NewReleasesResponse.swift; sourceTree = "<group>"; };
		BAEED0D42A74F0780071116B /* APIImage.swift */ = {isa = PBXFileReference; lastKnownFileType = sourcecode.swift; path = APIImage.swift; sourceTree = "<group>"; };
		BAEED0D62A74F6820071116B /* FeaturedPlaylistsResponse.swift */ = {isa = PBXFileReference; lastKnownFileType = sourcecode.swift; path = FeaturedPlaylistsResponse.swift; sourceTree = "<group>"; };
		BAEED0D82A750A7B0071116B /* RecommendedGenreResponse.swift */ = {isa = PBXFileReference; lastKnownFileType = sourcecode.swift; path = RecommendedGenreResponse.swift; sourceTree = "<group>"; };
		BAEED0DA2A750EF90071116B /* RecommendationsResponse.swift */ = {isa = PBXFileReference; lastKnownFileType = sourcecode.swift; path = RecommendationsResponse.swift; sourceTree = "<group>"; };
		BAFE9DC22A757C6F0061FDDE /* NewReleaseCollectionViewCell.swift */ = {isa = PBXFileReference; lastKnownFileType = sourcecode.swift; path = NewReleaseCollectionViewCell.swift; sourceTree = "<group>"; };
		BAFE9DC42A757C7E0061FDDE /* FeaturedPlaylistCollectionViewCell.swift */ = {isa = PBXFileReference; lastKnownFileType = sourcecode.swift; path = FeaturedPlaylistCollectionViewCell.swift; sourceTree = "<group>"; };
		BAFE9DC62A757C920061FDDE /* RecommendedTrackCollectionViewCell.swift */ = {isa = PBXFileReference; lastKnownFileType = sourcecode.swift; path = RecommendedTrackCollectionViewCell.swift; sourceTree = "<group>"; };
		BAFE9DC82A7632810061FDDE /* NewReleasesCellViewModel.swift */ = {isa = PBXFileReference; lastKnownFileType = sourcecode.swift; name = NewReleasesCellViewModel.swift; path = SpotifyClone/View/Browse/NewReleasesCellViewModel.swift; sourceTree = SOURCE_ROOT; };
		BAFE9DCA2A77D1F40061FDDE /* FeaturedPlaylistCellViewModel.swift */ = {isa = PBXFileReference; lastKnownFileType = sourcecode.swift; name = FeaturedPlaylistCellViewModel.swift; path = SpotifyClone/View/Browse/FeaturedPlaylistCellViewModel.swift; sourceTree = SOURCE_ROOT; };
		BAFE9DCC2A77D2200061FDDE /* RecommendedTrackCellViewModel.swift */ = {isa = PBXFileReference; lastKnownFileType = sourcecode.swift; name = RecommendedTrackCellViewModel.swift; path = SpotifyClone/View/Browse/RecommendedTrackCellViewModel.swift; sourceTree = SOURCE_ROOT; };
		BAFE9DCE2A77E7C10061FDDE /* AlbumViewController.swift */ = {isa = PBXFileReference; lastKnownFileType = sourcecode.swift; path = AlbumViewController.swift; sourceTree = "<group>"; };
		E59E8E672A6A799700075938 /* AuthResponse.swift */ = {isa = PBXFileReference; lastKnownFileType = sourcecode.swift; path = AuthResponse.swift; sourceTree = "<group>"; };
/* End PBXFileReference section */

/* Begin PBXFrameworksBuildPhase section */
		BA7AA5542A6401A400BD3D3C /* Frameworks */ = {
			isa = PBXFrameworksBuildPhase;
			buildActionMask = 2147483647;
			files = (
				F4A7AFFB8721EEE681B3C63D /* Pods_SpotifyClone.framework in Frameworks */,
			);
			runOnlyForDeploymentPostprocessing = 0;
		};
/* End PBXFrameworksBuildPhase section */

/* Begin PBXGroup section */
		BA5D2B702A6956FA0032D5B8 /* Core */ = {
			isa = PBXGroup;
			children = (
				BA7AA55E2A6401A400BD3D3C /* HomeViewController.swift */,
				BA5D2B6E2A6956F00032D5B8 /* LibraryViewController.swift */,
				BA5D2B6A2A6955FF0032D5B8 /* TabBarViewController.swift */,
				BA5D2B6C2A6956E30032D5B8 /* SearchViewController.swift */,
			);
			path = Core;
			sourceTree = "<group>";
		};
		BA5D2B712A6957370032D5B8 /* Other */ = {
			isa = PBXGroup;
			children = (
				BA5D2B722A6957420032D5B8 /* AuthViewController.swift */,
				BA5D2B742A6957580032D5B8 /* WelcomeViewController.swift */,
				BA5D2B762A6957620032D5B8 /* SettingsViewController.swift */,
				BA5D2B782A69576F0032D5B8 /* ProfileViewController.swift */,
				BA5D2B7A2A69577E0032D5B8 /* PlayerViewController.swift */,
				BA5D2B7C2A69578C0032D5B8 /* PlaylistViewController.swift */,
				BA5D2B7E2A69579A0032D5B8 /* SearchResultViewController.swift */,
				BAFE9DCE2A77E7C10061FDDE /* AlbumViewController.swift */,
			);
			path = Other;
			sourceTree = "<group>";
		};
		BA5D2B802A6957B70032D5B8 /* Managers */ = {
			isa = PBXGroup;
			children = (
				BA5D2B812A6957D00032D5B8 /* AuthManager.swift */,
				BA5D2B832A6957DB0032D5B8 /* APICaller.swift */,
				BA5D2B852A6957EA0032D5B8 /* HapticsManager.swift */,
			);
			path = Managers;
			sourceTree = "<group>";
		};
		BA7AA54E2A6401A400BD3D3C = {
			isa = PBXGroup;
			children = (
				BA7AA5592A6401A400BD3D3C /* SpotifyClone */,
				BA7AA5582A6401A400BD3D3C /* Products */,
				F4B909943B8B5A8FDE08A756 /* Pods */,
				DCDD9871274D6EAEA137B7B3 /* Frameworks */,
			);
			sourceTree = "<group>";
		};
		BA7AA5582A6401A400BD3D3C /* Products */ = {
			isa = PBXGroup;
			children = (
				BA7AA5572A6401A400BD3D3C /* SpotifyClone.app */,
			);
			name = Products;
			sourceTree = "<group>";
		};
		BA7AA5592A6401A400BD3D3C /* SpotifyClone */ = {
			isa = PBXGroup;
			children = (
				BA5D2B802A6957B70032D5B8 /* Managers */,
				BA7AA5722A6401F400BD3D3C /* Resources */,
				BA7AA5712A6401EB00BD3D3C /* ViewModels */,
				BA7AA5702A6401E000BD3D3C /* View */,
				BA7AA56F2A6401DD00BD3D3C /* Models */,
				BA7AA56E2A6401D500BD3D3C /* Controllers */,
				BA7AA5682A6401A500BD3D3C /* Info.plist */,
			);
			path = SpotifyClone;
			sourceTree = "<group>";
		};
		BA7AA56E2A6401D500BD3D3C /* Controllers */ = {
			isa = PBXGroup;
			children = (
				BA5D2B712A6957370032D5B8 /* Other */,
				BA5D2B702A6956FA0032D5B8 /* Core */,
			);
			path = Controllers;
			sourceTree = "<group>";
		};
		BA7AA56F2A6401DD00BD3D3C /* Models */ = {
			isa = PBXGroup;
			children = (
				BA5D2B872A6958080032D5B8 /* Playlist.swift */,
				BA5D2B892A6958130032D5B8 /* AudioTrack.swift */,
				BA5D2B8B2A6958220032D5B8 /* Artist.swift */,
				BA5D2B8D2A6958310032D5B8 /* UserProfile.swift */,
				E59E8E672A6A799700075938 /* AuthResponse.swift */,
				BA4AEC082A6FF7CA00484AB4 /* SettingsModels.swift */,
				BAEED0D22A74EF930071116B /* NewReleasesResponse.swift */,
				BAEED0D42A74F0780071116B /* APIImage.swift */,
				BAEED0D62A74F6820071116B /* FeaturedPlaylistsResponse.swift */,
				BAEED0D82A750A7B0071116B /* RecommendedGenreResponse.swift */,
				BAEED0DA2A750EF90071116B /* RecommendationsResponse.swift */,
				BA518BCD2A77EA890049A7EA /* AlbumDetailsResponse.swift */,
				BA518BCF2A77EE380049A7EA /* PlaylistDetailsResponse.swift */,
			);
			path = Models;
			sourceTree = "<group>";
		};
		BA7AA5702A6401E000BD3D3C /* View */ = {
			isa = PBXGroup;
			children = (
				BAFE9DC12A757C590061FDDE /* Browse */,
				BA7AA5652A6401A500BD3D3C /* LaunchScreen.storyboard */,
			);
			path = View;
			sourceTree = "<group>";
		};
		BA7AA5712A6401EB00BD3D3C /* ViewModels */ = {
			isa = PBXGroup;
			children = (
				BAFE9DC82A7632810061FDDE /* NewReleasesCellViewModel.swift */,
				BAFE9DCA2A77D1F40061FDDE /* FeaturedPlaylistCellViewModel.swift */,
				BAFE9DCC2A77D2200061FDDE /* RecommendedTrackCellViewModel.swift */,
			);
			path = ViewModels;
			sourceTree = "<group>";
		};
		BA7AA5722A6401F400BD3D3C /* Resources */ = {
			isa = PBXGroup;
			children = (
				BA7AA55A2A6401A400BD3D3C /* AppDelegate.swift */,
				BA7AA55C2A6401A400BD3D3C /* SceneDelegate.swift */,
				BA7AA5632A6401A500BD3D3C /* Assets.xcassets */,
				BA7AA5732A641D6400BD3D3C /* Extensions.swift */,
			);
			path = Resources;
			sourceTree = "<group>";
		};
		BAFE9DC12A757C590061FDDE /* Browse */ = {
			isa = PBXGroup;
			children = (
				BAFE9DC22A757C6F0061FDDE /* NewReleaseCollectionViewCell.swift */,
				BAFE9DC42A757C7E0061FDDE /* FeaturedPlaylistCollectionViewCell.swift */,
				BAFE9DC62A757C920061FDDE /* RecommendedTrackCollectionViewCell.swift */,
			);
			path = Browse;
			sourceTree = "<group>";
		};
		DCDD9871274D6EAEA137B7B3 /* Frameworks */ = {
			isa = PBXGroup;
			children = (
				A3828BF322F8D92ADF18E0FF /* Pods_SpotifyClone.framework */,
			);
			name = Frameworks;
			sourceTree = "<group>";
		};
		F4B909943B8B5A8FDE08A756 /* Pods */ = {
			isa = PBXGroup;
			children = (
				7E0BF02C6F16EF6C18D831F4 /* Pods-SpotifyClone.debug.xcconfig */,
				A0A9C9D7ED3D262CEEE22542 /* Pods-SpotifyClone.release.xcconfig */,
			);
			path = Pods;
			sourceTree = "<group>";
		};
/* End PBXGroup section */

/* Begin PBXNativeTarget section */
		BA7AA5562A6401A400BD3D3C /* SpotifyClone */ = {
			isa = PBXNativeTarget;
			buildConfigurationList = BA7AA56B2A6401A500BD3D3C /* Build configuration list for PBXNativeTarget "SpotifyClone" */;
			buildPhases = (
				36448B940F19E4F52E0B446C /* [CP] Check Pods Manifest.lock */,
				BA7AA5532A6401A400BD3D3C /* Sources */,
				BA7AA5542A6401A400BD3D3C /* Frameworks */,
				BA7AA5552A6401A400BD3D3C /* Resources */,
				74180108AC9F80E0B22F0293 /* [CP] Embed Pods Frameworks */,
			);
			buildRules = (
			);
			dependencies = (
			);
			name = SpotifyClone;
			productName = SpotifyClone;
			productReference = BA7AA5572A6401A400BD3D3C /* SpotifyClone.app */;
			productType = "com.apple.product-type.application";
		};
/* End PBXNativeTarget section */

/* Begin PBXProject section */
		BA7AA54F2A6401A400BD3D3C /* Project object */ = {
			isa = PBXProject;
			attributes = {
				BuildIndependentTargetsInParallel = 1;
				LastSwiftUpdateCheck = 1420;
				LastUpgradeCheck = 1420;
				TargetAttributes = {
					BA7AA5562A6401A400BD3D3C = {
						CreatedOnToolsVersion = 14.2;
					};
				};
			};
			buildConfigurationList = BA7AA5522A6401A400BD3D3C /* Build configuration list for PBXProject "SpotifyClone" */;
			compatibilityVersion = "Xcode 14.0";
			developmentRegion = en;
			hasScannedForEncodings = 0;
			knownRegions = (
				en,
				Base,
			);
			mainGroup = BA7AA54E2A6401A400BD3D3C;
			productRefGroup = BA7AA5582A6401A400BD3D3C /* Products */;
			projectDirPath = "";
			projectRoot = "";
			targets = (
				BA7AA5562A6401A400BD3D3C /* SpotifyClone */,
			);
		};
/* End PBXProject section */

/* Begin PBXResourcesBuildPhase section */
		BA7AA5552A6401A400BD3D3C /* Resources */ = {
			isa = PBXResourcesBuildPhase;
			buildActionMask = 2147483647;
			files = (
				BA7AA5672A6401A500BD3D3C /* LaunchScreen.storyboard in Resources */,
				BA7AA5642A6401A500BD3D3C /* Assets.xcassets in Resources */,
			);
			runOnlyForDeploymentPostprocessing = 0;
		};
/* End PBXResourcesBuildPhase section */

/* Begin PBXShellScriptBuildPhase section */
		36448B940F19E4F52E0B446C /* [CP] Check Pods Manifest.lock */ = {
			isa = PBXShellScriptBuildPhase;
			buildActionMask = 2147483647;
			files = (
			);
			inputFileListPaths = (
			);
			inputPaths = (
				"${PODS_PODFILE_DIR_PATH}/Podfile.lock",
				"${PODS_ROOT}/Manifest.lock",
			);
			name = "[CP] Check Pods Manifest.lock";
			outputFileListPaths = (
			);
			outputPaths = (
				"$(DERIVED_FILE_DIR)/Pods-SpotifyClone-checkManifestLockResult.txt",
			);
			runOnlyForDeploymentPostprocessing = 0;
			shellPath = /bin/sh;
			shellScript = "diff \"${PODS_PODFILE_DIR_PATH}/Podfile.lock\" \"${PODS_ROOT}/Manifest.lock\" > /dev/null\nif [ $? != 0 ] ; then\n    # print error to STDERR\n    echo \"error: The sandbox is not in sync with the Podfile.lock. Run 'pod install' or update your CocoaPods installation.\" >&2\n    exit 1\nfi\n# This output is used by Xcode 'outputs' to avoid re-running this script phase.\necho \"SUCCESS\" > \"${SCRIPT_OUTPUT_FILE_0}\"\n";
			showEnvVarsInLog = 0;
		};
		74180108AC9F80E0B22F0293 /* [CP] Embed Pods Frameworks */ = {
			isa = PBXShellScriptBuildPhase;
			buildActionMask = 2147483647;
			files = (
			);
			inputFileListPaths = (
				"${PODS_ROOT}/Target Support Files/Pods-SpotifyClone/Pods-SpotifyClone-frameworks-${CONFIGURATION}-input-files.xcfilelist",
			);
			name = "[CP] Embed Pods Frameworks";
			outputFileListPaths = (
				"${PODS_ROOT}/Target Support Files/Pods-SpotifyClone/Pods-SpotifyClone-frameworks-${CONFIGURATION}-output-files.xcfilelist",
			);
			runOnlyForDeploymentPostprocessing = 0;
			shellPath = /bin/sh;
			shellScript = "\"${PODS_ROOT}/Target Support Files/Pods-SpotifyClone/Pods-SpotifyClone-frameworks.sh\"\n";
			showEnvVarsInLog = 0;
		};
/* End PBXShellScriptBuildPhase section */

/* Begin PBXSourcesBuildPhase section */
		BA7AA5532A6401A400BD3D3C /* Sources */ = {
			isa = PBXSourcesBuildPhase;
			buildActionMask = 2147483647;
			files = (
				BA5D2B752A6957580032D5B8 /* WelcomeViewController.swift in Sources */,
				BA518BD02A77EE380049A7EA /* PlaylistDetailsResponse.swift in Sources */,
				BA5D2B6D2A6956E30032D5B8 /* SearchViewController.swift in Sources */,
				BA5D2B8E2A6958310032D5B8 /* UserProfile.swift in Sources */,
				BAFE9DC92A7632810061FDDE /* NewReleasesCellViewModel.swift in Sources */,
				BAFE9DCD2A77D2200061FDDE /* RecommendedTrackCellViewModel.swift in Sources */,
				BA5D2B6B2A6955FF0032D5B8 /* TabBarViewController.swift in Sources */,
				BAFE9DCF2A77E7C10061FDDE /* AlbumViewController.swift in Sources */,
				BAFE9DCB2A77D1F40061FDDE /* FeaturedPlaylistCellViewModel.swift in Sources */,
				BAEED0D52A74F0780071116B /* APIImage.swift in Sources */,
				BA5D2B772A6957620032D5B8 /* SettingsViewController.swift in Sources */,
				BA5D2B822A6957D00032D5B8 /* AuthManager.swift in Sources */,
				BA5D2B7D2A69578C0032D5B8 /* PlaylistViewController.swift in Sources */,
				BAFE9DC72A757C920061FDDE /* RecommendedTrackCollectionViewCell.swift in Sources */,
				BA5D2B8A2A6958130032D5B8 /* AudioTrack.swift in Sources */,
				E59E8E682A6A799700075938 /* AuthResponse.swift in Sources */,
				BAEED0D32A74EF930071116B /* NewReleasesResponse.swift in Sources */,
				BAEED0DB2A750EF90071116B /* RecommendationsResponse.swift in Sources */,
				BA7AA55F2A6401A400BD3D3C /* HomeViewController.swift in Sources */,
				BA5D2B842A6957DB0032D5B8 /* APICaller.swift in Sources */,
				BAFE9DC32A757C6F0061FDDE /* NewReleaseCollectionViewCell.swift in Sources */,
				BA5D2B862A6957EA0032D5B8 /* HapticsManager.swift in Sources */,
				BAFE9DC52A757C7E0061FDDE /* FeaturedPlaylistCollectionViewCell.swift in Sources */,
				BA5D2B7B2A69577E0032D5B8 /* PlayerViewController.swift in Sources */,
				BA7AA55B2A6401A400BD3D3C /* AppDelegate.swift in Sources */,
				BA5D2B882A6958080032D5B8 /* Playlist.swift in Sources */,
				BA5D2B7F2A69579A0032D5B8 /* SearchResultViewController.swift in Sources */,
				BA5D2B792A69576F0032D5B8 /* ProfileViewController.swift in Sources */,
				BA4AEC092A6FF7CA00484AB4 /* SettingsModels.swift in Sources */,
				BA5D2B732A6957420032D5B8 /* AuthViewController.swift in Sources */,
				BAEED0D92A750A7B0071116B /* RecommendedGenreResponse.swift in Sources */,
				BA5D2B6F2A6956F00032D5B8 /* LibraryViewController.swift in Sources */,
				BA518BCE2A77EA890049A7EA /* AlbumDetailsResponse.swift in Sources */,
				BA7AA55D2A6401A400BD3D3C /* SceneDelegate.swift in Sources */,
				BA5D2B8C2A6958220032D5B8 /* Artist.swift in Sources */,
				BAEED0D72A74F6820071116B /* FeaturedPlaylistsResponse.swift in Sources */,
				BA7AA5742A641D6400BD3D3C /* Extensions.swift in Sources */,
			);
			runOnlyForDeploymentPostprocessing = 0;
		};
/* End PBXSourcesBuildPhase section */

/* Begin PBXVariantGroup section */
		BA7AA5652A6401A500BD3D3C /* LaunchScreen.storyboard */ = {
			isa = PBXVariantGroup;
			children = (
				BA7AA5662A6401A500BD3D3C /* Base */,
			);
			name = LaunchScreen.storyboard;
			sourceTree = "<group>";
		};
/* End PBXVariantGroup section */

/* Begin XCBuildConfiguration section */
		BA7AA5692A6401A500BD3D3C /* Debug */ = {
			isa = XCBuildConfiguration;
			buildSettings = {
				ALWAYS_SEARCH_USER_PATHS = NO;
				CLANG_ANALYZER_NONNULL = YES;
				CLANG_ANALYZER_NUMBER_OBJECT_CONVERSION = YES_AGGRESSIVE;
				CLANG_CXX_LANGUAGE_STANDARD = "gnu++20";
				CLANG_ENABLE_MODULES = YES;
				CLANG_ENABLE_OBJC_ARC = YES;
				CLANG_ENABLE_OBJC_WEAK = YES;
				CLANG_WARN_BLOCK_CAPTURE_AUTORELEASING = YES;
				CLANG_WARN_BOOL_CONVERSION = YES;
				CLANG_WARN_COMMA = YES;
				CLANG_WARN_CONSTANT_CONVERSION = YES;
				CLANG_WARN_DEPRECATED_OBJC_IMPLEMENTATIONS = YES;
				CLANG_WARN_DIRECT_OBJC_ISA_USAGE = YES_ERROR;
				CLANG_WARN_DOCUMENTATION_COMMENTS = YES;
				CLANG_WARN_EMPTY_BODY = YES;
				CLANG_WARN_ENUM_CONVERSION = YES;
				CLANG_WARN_INFINITE_RECURSION = YES;
				CLANG_WARN_INT_CONVERSION = YES;
				CLANG_WARN_NON_LITERAL_NULL_CONVERSION = YES;
				CLANG_WARN_OBJC_IMPLICIT_RETAIN_SELF = YES;
				CLANG_WARN_OBJC_LITERAL_CONVERSION = YES;
				CLANG_WARN_OBJC_ROOT_CLASS = YES_ERROR;
				CLANG_WARN_QUOTED_INCLUDE_IN_FRAMEWORK_HEADER = YES;
				CLANG_WARN_RANGE_LOOP_ANALYSIS = YES;
				CLANG_WARN_STRICT_PROTOTYPES = YES;
				CLANG_WARN_SUSPICIOUS_MOVE = YES;
				CLANG_WARN_UNGUARDED_AVAILABILITY = YES_AGGRESSIVE;
				CLANG_WARN_UNREACHABLE_CODE = YES;
				CLANG_WARN__DUPLICATE_METHOD_MATCH = YES;
				COPY_PHASE_STRIP = NO;
				DEBUG_INFORMATION_FORMAT = dwarf;
				ENABLE_STRICT_OBJC_MSGSEND = YES;
				ENABLE_TESTABILITY = YES;
				GCC_C_LANGUAGE_STANDARD = gnu11;
				GCC_DYNAMIC_NO_PIC = NO;
				GCC_NO_COMMON_BLOCKS = YES;
				GCC_OPTIMIZATION_LEVEL = 0;
				GCC_PREPROCESSOR_DEFINITIONS = (
					"DEBUG=1",
					"$(inherited)",
				);
				GCC_WARN_64_TO_32_BIT_CONVERSION = YES;
				GCC_WARN_ABOUT_RETURN_TYPE = YES_ERROR;
				GCC_WARN_UNDECLARED_SELECTOR = YES;
				GCC_WARN_UNINITIALIZED_AUTOS = YES_AGGRESSIVE;
				GCC_WARN_UNUSED_FUNCTION = YES;
				GCC_WARN_UNUSED_VARIABLE = YES;
				IPHONEOS_DEPLOYMENT_TARGET = 16.2;
				MTL_ENABLE_DEBUG_INFO = INCLUDE_SOURCE;
				MTL_FAST_MATH = YES;
				ONLY_ACTIVE_ARCH = YES;
				SDKROOT = iphoneos;
				SWIFT_ACTIVE_COMPILATION_CONDITIONS = DEBUG;
				SWIFT_OPTIMIZATION_LEVEL = "-Onone";
			};
			name = Debug;
		};
		BA7AA56A2A6401A500BD3D3C /* Release */ = {
			isa = XCBuildConfiguration;
			buildSettings = {
				ALWAYS_SEARCH_USER_PATHS = NO;
				CLANG_ANALYZER_NONNULL = YES;
				CLANG_ANALYZER_NUMBER_OBJECT_CONVERSION = YES_AGGRESSIVE;
				CLANG_CXX_LANGUAGE_STANDARD = "gnu++20";
				CLANG_ENABLE_MODULES = YES;
				CLANG_ENABLE_OBJC_ARC = YES;
				CLANG_ENABLE_OBJC_WEAK = YES;
				CLANG_WARN_BLOCK_CAPTURE_AUTORELEASING = YES;
				CLANG_WARN_BOOL_CONVERSION = YES;
				CLANG_WARN_COMMA = YES;
				CLANG_WARN_CONSTANT_CONVERSION = YES;
				CLANG_WARN_DEPRECATED_OBJC_IMPLEMENTATIONS = YES;
				CLANG_WARN_DIRECT_OBJC_ISA_USAGE = YES_ERROR;
				CLANG_WARN_DOCUMENTATION_COMMENTS = YES;
				CLANG_WARN_EMPTY_BODY = YES;
				CLANG_WARN_ENUM_CONVERSION = YES;
				CLANG_WARN_INFINITE_RECURSION = YES;
				CLANG_WARN_INT_CONVERSION = YES;
				CLANG_WARN_NON_LITERAL_NULL_CONVERSION = YES;
				CLANG_WARN_OBJC_IMPLICIT_RETAIN_SELF = YES;
				CLANG_WARN_OBJC_LITERAL_CONVERSION = YES;
				CLANG_WARN_OBJC_ROOT_CLASS = YES_ERROR;
				CLANG_WARN_QUOTED_INCLUDE_IN_FRAMEWORK_HEADER = YES;
				CLANG_WARN_RANGE_LOOP_ANALYSIS = YES;
				CLANG_WARN_STRICT_PROTOTYPES = YES;
				CLANG_WARN_SUSPICIOUS_MOVE = YES;
				CLANG_WARN_UNGUARDED_AVAILABILITY = YES_AGGRESSIVE;
				CLANG_WARN_UNREACHABLE_CODE = YES;
				CLANG_WARN__DUPLICATE_METHOD_MATCH = YES;
				COPY_PHASE_STRIP = NO;
				DEBUG_INFORMATION_FORMAT = "dwarf-with-dsym";
				ENABLE_NS_ASSERTIONS = NO;
				ENABLE_STRICT_OBJC_MSGSEND = YES;
				GCC_C_LANGUAGE_STANDARD = gnu11;
				GCC_NO_COMMON_BLOCKS = YES;
				GCC_WARN_64_TO_32_BIT_CONVERSION = YES;
				GCC_WARN_ABOUT_RETURN_TYPE = YES_ERROR;
				GCC_WARN_UNDECLARED_SELECTOR = YES;
				GCC_WARN_UNINITIALIZED_AUTOS = YES_AGGRESSIVE;
				GCC_WARN_UNUSED_FUNCTION = YES;
				GCC_WARN_UNUSED_VARIABLE = YES;
				IPHONEOS_DEPLOYMENT_TARGET = 16.2;
				MTL_ENABLE_DEBUG_INFO = NO;
				MTL_FAST_MATH = YES;
				SDKROOT = iphoneos;
				SWIFT_COMPILATION_MODE = wholemodule;
				SWIFT_OPTIMIZATION_LEVEL = "-O";
				VALIDATE_PRODUCT = YES;
			};
			name = Release;
		};
		BA7AA56C2A6401A500BD3D3C /* Debug */ = {
			isa = XCBuildConfiguration;
			baseConfigurationReference = 7E0BF02C6F16EF6C18D831F4 /* Pods-SpotifyClone.debug.xcconfig */;
			buildSettings = {
				ASSETCATALOG_COMPILER_APPICON_NAME = AppIcon;
				ASSETCATALOG_COMPILER_GLOBAL_ACCENT_COLOR_NAME = AccentColor;
				CODE_SIGN_STYLE = Automatic;
				CURRENT_PROJECT_VERSION = 1;
				DEVELOPMENT_TEAM = ARSZYU7AJ8;
				GENERATE_INFOPLIST_FILE = YES;
				INFOPLIST_FILE = SpotifyClone/Info.plist;
				INFOPLIST_KEY_UIApplicationSupportsIndirectInputEvents = YES;
				INFOPLIST_KEY_UILaunchStoryboardName = LaunchScreen;
				INFOPLIST_KEY_UISupportedInterfaceOrientations_iPad = "UIInterfaceOrientationPortrait UIInterfaceOrientationPortraitUpsideDown UIInterfaceOrientationLandscapeLeft UIInterfaceOrientationLandscapeRight";
				INFOPLIST_KEY_UISupportedInterfaceOrientations_iPhone = "UIInterfaceOrientationPortrait UIInterfaceOrientationLandscapeLeft UIInterfaceOrientationLandscapeRight";
				IPHONEOS_DEPLOYMENT_TARGET = 14.0;
				LD_RUNPATH_SEARCH_PATHS = (
					"$(inherited)",
					"@executable_path/Frameworks",
				);
				MARKETING_VERSION = 1.0;
				PRODUCT_BUNDLE_IDENTIFIER = com.peppermint100.SpotifyClone;
				PRODUCT_NAME = "$(TARGET_NAME)";
				SWIFT_EMIT_LOC_STRINGS = YES;
				SWIFT_VERSION = 5.0;
				TARGETED_DEVICE_FAMILY = "1,2";
			};
			name = Debug;
		};
		BA7AA56D2A6401A500BD3D3C /* Release */ = {
			isa = XCBuildConfiguration;
			baseConfigurationReference = A0A9C9D7ED3D262CEEE22542 /* Pods-SpotifyClone.release.xcconfig */;
			buildSettings = {
				ASSETCATALOG_COMPILER_APPICON_NAME = AppIcon;
				ASSETCATALOG_COMPILER_GLOBAL_ACCENT_COLOR_NAME = AccentColor;
				CODE_SIGN_STYLE = Automatic;
				CURRENT_PROJECT_VERSION = 1;
				DEVELOPMENT_TEAM = ARSZYU7AJ8;
				GENERATE_INFOPLIST_FILE = YES;
				INFOPLIST_FILE = SpotifyClone/Info.plist;
				INFOPLIST_KEY_UIApplicationSupportsIndirectInputEvents = YES;
				INFOPLIST_KEY_UILaunchStoryboardName = LaunchScreen;
				INFOPLIST_KEY_UISupportedInterfaceOrientations_iPad = "UIInterfaceOrientationPortrait UIInterfaceOrientationPortraitUpsideDown UIInterfaceOrientationLandscapeLeft UIInterfaceOrientationLandscapeRight";
				INFOPLIST_KEY_UISupportedInterfaceOrientations_iPhone = "UIInterfaceOrientationPortrait UIInterfaceOrientationLandscapeLeft UIInterfaceOrientationLandscapeRight";
				IPHONEOS_DEPLOYMENT_TARGET = 14.0;
				LD_RUNPATH_SEARCH_PATHS = (
					"$(inherited)",
					"@executable_path/Frameworks",
				);
				MARKETING_VERSION = 1.0;
				PRODUCT_BUNDLE_IDENTIFIER = com.peppermint100.SpotifyClone;
				PRODUCT_NAME = "$(TARGET_NAME)";
				SWIFT_EMIT_LOC_STRINGS = YES;
				SWIFT_VERSION = 5.0;
				TARGETED_DEVICE_FAMILY = "1,2";
			};
			name = Release;
		};
/* End XCBuildConfiguration section */

/* Begin XCConfigurationList section */
		BA7AA5522A6401A400BD3D3C /* Build configuration list for PBXProject "SpotifyClone" */ = {
			isa = XCConfigurationList;
			buildConfigurations = (
				BA7AA5692A6401A500BD3D3C /* Debug */,
				BA7AA56A2A6401A500BD3D3C /* Release */,
			);
			defaultConfigurationIsVisible = 0;
			defaultConfigurationName = Release;
		};
		BA7AA56B2A6401A500BD3D3C /* Build configuration list for PBXNativeTarget "SpotifyClone" */ = {
			isa = XCConfigurationList;
			buildConfigurations = (
				BA7AA56C2A6401A500BD3D3C /* Debug */,
				BA7AA56D2A6401A500BD3D3C /* Release */,
			);
			defaultConfigurationIsVisible = 0;
			defaultConfigurationName = Release;
		};
/* End XCConfigurationList section */
	};
	rootObject = BA7AA54F2A6401A400BD3D3C /* Project object */;
}
